
Microsoft Visual Studio Solution File, Format Version 12.00
# Visual Studio Version 17
VisualStudioVersion = 17.13.35931.197 d17.13
MinimumVisualStudioVersion = 10.0.40219.1
Project("{FAE04EC0-301F-11D3-BF4B-00C04F79EFBC}") = "LNAB_PuppeteerSharp", "LNAB_PuppeteerSharp.csproj", "{95C8BF43-AE14-4FF9-8353-A2CB8D4488CA}"
EndProject
Global
	GlobalSection(SolutionConfigurationPlatforms) = preSolution
		Debug|Any CPU = Debug|Any CPU
		Release|Any CPU = Release|Any CPU
	EndGlobalSection
	GlobalSection(ProjectConfigurationPlatforms) = postSolution
		{95C8BF43-AE14-4FF9-8353-A2CB8D4488CA}.Debug|Any CPU.ActiveCfg = Debug|Any CPU
		{95C8BF43-AE14-4FF9-8353-A2CB8D4488CA}.Debug|Any CPU.Build.0 = Debug|Any CPU
		{95C8BF43-AE14-4FF9-8353-A2CB8D4488CA}.Release|Any CPU.ActiveCfg = Release|Any CPU
		{95C8BF43-AE14-4FF9-8353-A2CB8D4488CA}.Release|Any CPU.Build.0 = Release|Any CPU
	EndGlobalSection
	GlobalSection(SolutionProperties) = preSolution
		HideSolutionNode = FALSE
	EndGlobalSection
	GlobalSection(ExtensibilityGlobals) = postSolution
		SolutionGuid = {B12549E4-39D9-4A91-B07E-166469922F2F}
	EndGlobalSection
EndGlobal
